// !$*UTF8*$!
{
	archiveVersion = 1;
	classes = {
	};
	objectVersion = 46;
	objects = {

/* Begin PBXBuildFile section */
		D2500F4D1ADD4DEB00E6E984 /* main.m in Sources */ = {isa = PBXBuildFile; fileRef = D2500F4C1ADD4DEB00E6E984 /* main.m */; };
		D2500F501ADD4DEB00E6E984 /* AppDelegate.m in Sources */ = {isa = PBXBuildFile; fileRef = D2500F4F1ADD4DEB00E6E984 /* AppDelegate.m */; };
		D2500F531ADD4DEB00E6E984 /* ViewController.m in Sources */ = {isa = PBXBuildFile; fileRef = D2500F521ADD4DEB00E6E984 /* ViewController.m */; };
		D2500F561ADD4DEB00E6E984 /* Main.storyboard in Resources */ = {isa = PBXBuildFile; fileRef = D2500F541ADD4DEB00E6E984 /* Main.storyboard */; };
		D2500F581ADD4DEB00E6E984 /* Images.xcassets in Resources */ = {isa = PBXBuildFile; fileRef = D2500F571ADD4DEB00E6E984 /* Images.xcassets */; };
		D2500F5B1ADD4DEB00E6E984 /* LaunchScreen.xib in Resources */ = {isa = PBXBuildFile; fileRef = D2500F591ADD4DEB00E6E984 /* LaunchScreen.xib */; };
		D2500F731ADD4E5600E6E984 /* CTBase64.m in Sources */ = {isa = PBXBuildFile; fileRef = D2500F701ADD4E5600E6E984 /* CTBase64.m */; };
		D2500F741ADD4E5600E6E984 /* CTEncryption.m in Sources */ = {isa = PBXBuildFile; fileRef = D2500F721ADD4E5600E6E984 /* CTEncryption.m */; };
		D2500F781ADD511500E6E984 /* CTKeyChain.m in Sources */ = {isa = PBXBuildFile; fileRef = D2500F771ADD511500E6E984 /* CTKeyChain.m */; };
		D2500F7A1ADD519700E6E984 /* libcommonCrypto.dylib in Frameworks */ = {isa = PBXBuildFile; fileRef = D2500F791ADD519700E6E984 /* libcommonCrypto.dylib */; };
		D2500F7C1ADD51A900E6E984 /* Security.framework in Frameworks */ = {isa = PBXBuildFile; fileRef = D2500F7B1ADD51A900E6E984 /* Security.framework */; };
		D2500F7F1ADD537F00E6E984 /* CTPasswordManager.m in Sources */ = {isa = PBXBuildFile; fileRef = D2500F7E1ADD537F00E6E984 /* CTPasswordManager.m */; };
/* End PBXBuildFile section */

/* Begin PBXFileReference section */
		D2500F471ADD4DEA00E6E984 /* CTTool.app */ = {isa = PBXFileReference; explicitFileType = wrapper.application; includeInIndex = 0; path = CTTool.app; sourceTree = BUILT_PRODUCTS_DIR; };
		D2500F4B1ADD4DEB00E6E984 /* Info.plist */ = {isa = PBXFileReference; lastKnownFileType = text.plist.xml; path = Info.plist; sourceTree = "<group>"; };
		D2500F4C1ADD4DEB00E6E984 /* main.m */ = {isa = PBXFileReference; lastKnownFileType = sourcecode.c.objc; path = main.m; sourceTree = "<group>"; };
		D2500F4E1ADD4DEB00E6E984 /* AppDelegate.h */ = {isa = PBXFileReference; lastKnownFileType = sourcecode.c.h; path = AppDelegate.h; sourceTree = "<group>"; };
		D2500F4F1ADD4DEB00E6E984 /* AppDelegate.m */ = {isa = PBXFileReference; lastKnownFileType = sourcecode.c.objc; path = AppDelegate.m; sourceTree = "<group>"; };
		D2500F511ADD4DEB00E6E984 /* ViewController.h */ = {isa = PBXFileReference; lastKnownFileType = sourcecode.c.h; path = ViewController.h; sourceTree = "<group>"; };
		D2500F521ADD4DEB00E6E984 /* ViewController.m */ = {isa = PBXFileReference; lastKnownFileType = sourcecode.c.objc; path = ViewController.m; sourceTree = "<group>"; };
		D2500F551ADD4DEB00E6E984 /* Base */ = {isa = PBXFileReference; lastKnownFileType = file.storyboard; name = Base; path = Base.lproj/Main.storyboard; sourceTree = "<group>"; };
		D2500F571ADD4DEB00E6E984 /* Images.xcassets */ = {isa = PBXFileReference; lastKnownFileType = folder.assetcatalog; path = Images.xcassets; sourceTree = "<group>"; };
		D2500F5A1ADD4DEB00E6E984 /* Base */ = {isa = PBXFileReference; lastKnownFileType = file.xib; name = Base; path = Base.lproj/LaunchScreen.xib; sourceTree = "<group>"; };
		D2500F6F1ADD4E5600E6E984 /* CTBase64.h */ = {isa = PBXFileReference; fileEncoding = 4; lastKnownFileType = sourcecode.c.h; path = CTBase64.h; sourceTree = "<group>"; };
		D2500F701ADD4E5600E6E984 /* CTBase64.m */ = {isa = PBXFileReference; fileEncoding = 4; lastKnownFileType = sourcecode.c.objc; path = CTBase64.m; sourceTree = "<group>"; };
		D2500F711ADD4E5600E6E984 /* CTEncryption.h */ = {isa = PBXFileReference; fileEncoding = 4; lastKnownFileType = sourcecode.c.h; path = CTEncryption.h; sourceTree = "<group>"; };
		D2500F721ADD4E5600E6E984 /* CTEncryption.m */ = {isa = PBXFileReference; fileEncoding = 4; lastKnownFileType = sourcecode.c.objc; path = CTEncryption.m; sourceTree = "<group>"; };
		D2500F761ADD511500E6E984 /* CTKeyChain.h */ = {isa = PBXFileReference; fileEncoding = 4; lastKnownFileType = sourcecode.c.h; name = CTKeyChain.h; path = CTKeyChain/CTKeyChain.h; sourceTree = "<group>"; };
		D2500F771ADD511500E6E984 /* CTKeyChain.m */ = {isa = PBXFileReference; fileEncoding = 4; lastKnownFileType = sourcecode.c.objc; name = CTKeyChain.m; path = CTKeyChain/CTKeyChain.m; sourceTree = "<group>"; };
		D2500F791ADD519700E6E984 /* libcommonCrypto.dylib */ = {isa = PBXFileReference; lastKnownFileType = "compiled.mach-o.dylib"; name = libcommonCrypto.dylib; path = Platforms/iPhoneOS.platform/Developer/SDKs/iPhoneOS8.2.sdk/usr/lib/system/libcommonCrypto.dylib; sourceTree = DEVELOPER_DIR; };
		D2500F7B1ADD51A900E6E984 /* Security.framework */ = {isa = PBXFileReference; lastKnownFileType = wrapper.framework; name = Security.framework; path = Platforms/iPhoneOS.platform/Developer/SDKs/iPhoneOS8.2.sdk/System/Library/Frameworks/Security.framework; sourceTree = DEVELOPER_DIR; };
		D2500F7D1ADD537F00E6E984 /* CTPasswordManager.h */ = {isa = PBXFileReference; fileEncoding = 4; lastKnownFileType = sourcecode.c.h; name = CTPasswordManager.h; path = CTKeyChain/CTPasswordManager.h; sourceTree = "<group>"; };
		D2500F7E1ADD537F00E6E984 /* CTPasswordManager.m */ = {isa = PBXFileReference; fileEncoding = 4; lastKnownFileType = sourcecode.c.objc; name = CTPasswordManager.m; path = CTKeyChain/CTPasswordManager.m; sourceTree = "<group>"; };
/* End PBXFileReference section */

/* Begin PBXFrameworksBuildPhase section */
		D2500F441ADD4DEA00E6E984 /* Frameworks */ = {
			isa = PBXFrameworksBuildPhase;
			buildActionMask = 2147483647;
			files = (
				D2500F7C1ADD51A900E6E984 /* Security.framework in Frameworks */,
				D2500F7A1ADD519700E6E984 /* libcommonCrypto.dylib in Frameworks */,
			);
			runOnlyForDeploymentPostprocessing = 0;
		};
/* End PBXFrameworksBuildPhase section */

/* Begin PBXGroup section */
		D2500F3C1ADD4D9C00E6E984 = {
			isa = PBXGroup;
			children = (
				D2500F7B1ADD51A900E6E984 /* Security.framework */,
				D2500F791ADD519700E6E984 /* libcommonCrypto.dylib */,
				D2500F491ADD4DEA00E6E984 /* CTTool */,
				D2500F481ADD4DEA00E6E984 /* Products */,
			);
			sourceTree = "<group>";
		};
		D2500F481ADD4DEA00E6E984 /* Products */ = {
			isa = PBXGroup;
			children = (
				D2500F471ADD4DEA00E6E984 /* CTTool.app */,
			);
			name = Products;
			sourceTree = "<group>";
		};
		D2500F491ADD4DEA00E6E984 /* CTTool */ = {
			isa = PBXGroup;
			children = (
				D2500F751ADD50EA00E6E984 /* CTKeyChain */,
				D2500F6E1ADD4E5600E6E984 /* CTEncrypt */,
				D2500F4E1ADD4DEB00E6E984 /* AppDelegate.h */,
				D2500F4F1ADD4DEB00E6E984 /* AppDelegate.m */,
				D2500F511ADD4DEB00E6E984 /* ViewController.h */,
				D2500F521ADD4DEB00E6E984 /* ViewController.m */,
				D2500F541ADD4DEB00E6E984 /* Main.storyboard */,
				D2500F571ADD4DEB00E6E984 /* Images.xcassets */,
				D2500F591ADD4DEB00E6E984 /* LaunchScreen.xib */,
				D2500F4A1ADD4DEB00E6E984 /* Supporting Files */,
			);
			path = CTTool;
			sourceTree = "<group>";
		};
		D2500F4A1ADD4DEB00E6E984 /* Supporting Files */ = {
			isa = PBXGroup;
			children = (
				D2500F4B1ADD4DEB00E6E984 /* Info.plist */,
				D2500F4C1ADD4DEB00E6E984 /* main.m */,
			);
			name = "Supporting Files";
			sourceTree = "<group>";
		};
		D2500F6E1ADD4E5600E6E984 /* CTEncrypt */ = {
			isa = PBXGroup;
			children = (
				D2500F6F1ADD4E5600E6E984 /* CTBase64.h */,
				D2500F701ADD4E5600E6E984 /* CTBase64.m */,
				D2500F711ADD4E5600E6E984 /* CTEncryption.h */,
				D2500F721ADD4E5600E6E984 /* CTEncryption.m */,
			);
			path = CTEncrypt;
			sourceTree = "<group>";
		};
		D2500F751ADD50EA00E6E984 /* CTKeyChain */ = {
			isa = PBXGroup;
			children = (
				D2500F761ADD511500E6E984 /* CTKeyChain.h */,
				D2500F771ADD511500E6E984 /* CTKeyChain.m */,
				D2500F7D1ADD537F00E6E984 /* CTPasswordManager.h */,
				D2500F7E1ADD537F00E6E984 /* CTPasswordManager.m */,
			);
			name = CTKeyChain;
			sourceTree = "<group>";
		};
/* End PBXGroup section */

/* Begin PBXNativeTarget section */
		D2500F461ADD4DEA00E6E984 /* CTTool */ = {
			isa = PBXNativeTarget;
			buildConfigurationList = D2500F681ADD4DEB00E6E984 /* Build configuration list for PBXNativeTarget "CTTool" */;
			buildPhases = (
				D2500F431ADD4DEA00E6E984 /* Sources */,
				D2500F441ADD4DEA00E6E984 /* Frameworks */,
				D2500F451ADD4DEA00E6E984 /* Resources */,
			);
			buildRules = (
			);
			dependencies = (
			);
			name = CTTool;
			productName = CTTool;
			productReference = D2500F471ADD4DEA00E6E984 /* CTTool.app */;
			productType = "com.apple.product-type.application";
		};
/* End PBXNativeTarget section */

/* Begin PBXProject section */
		D2500F3D1ADD4D9C00E6E984 /* Project object */ = {
			isa = PBXProject;
			attributes = {
				LastUpgradeCheck = 0620;
				TargetAttributes = {
					D2500F461ADD4DEA00E6E984 = {
						CreatedOnToolsVersion = 6.2;
					};
				};
			};
			buildConfigurationList = D2500F401ADD4D9C00E6E984 /* Build configuration list for PBXProject "CTTool" */;
			compatibilityVersion = "Xcode 3.2";
			developmentRegion = English;
			hasScannedForEncodings = 0;
			knownRegions = (
				en,
				Base,
			);
			mainGroup = D2500F3C1ADD4D9C00E6E984;
			productRefGroup = D2500F481ADD4DEA00E6E984 /* Products */;
			projectDirPath = "";
			projectRoot = "";
			targets = (
				D2500F461ADD4DEA00E6E984 /* CTTool */,
			);
		};
/* End PBXProject section */

/* Begin PBXResourcesBuildPhase section */
		D2500F451ADD4DEA00E6E984 /* Resources */ = {
			isa = PBXResourcesBuildPhase;
			buildActionMask = 2147483647;
			files = (
				D2500F561ADD4DEB00E6E984 /* Main.storyboard in Resources */,
				D2500F5B1ADD4DEB00E6E984 /* LaunchScreen.xib in Resources */,
				D2500F581ADD4DEB00E6E984 /* Images.xcassets in Resources */,
			);
			runOnlyForDeploymentPostprocessing = 0;
		};
/* End PBXResourcesBuildPhase section */

/* Begin PBXSourcesBuildPhase section */
		D2500F431ADD4DEA00E6E984 /* Sources */ = {
			isa = PBXSourcesBuildPhase;
			buildActionMask = 2147483647;
			files = (
				D2500F781ADD511500E6E984 /* CTKeyChain.m in Sources */,
				D2500F741ADD4E5600E6E984 /* CTEncryption.m in Sources */,
				D2500F531ADD4DEB00E6E984 /* ViewController.m in Sources */,
				D2500F7F1ADD537F00E6E984 /* CTPasswordManager.m in Sources */,
				D2500F731ADD4E5600E6E984 /* CTBase64.m in Sources */,
				D2500F501ADD4DEB00E6E984 /* AppDelegate.m in Sources */,
				D2500F4D1ADD4DEB00E6E984 /* main.m in Sources */,
			);
			runOnlyForDeploymentPostprocessing = 0;
		};
/* End PBXSourcesBuildPhase section */

/* Begin PBXVariantGroup section */
		D2500F541ADD4DEB00E6E984 /* Main.storyboard */ = {
			isa = PBXVariantGroup;
			children = (
				D2500F551ADD4DEB00E6E984 /* Base */,
			);
			name = Main.storyboard;
			sourceTree = "<group>";
		};
		D2500F591ADD4DEB00E6E984 /* LaunchScreen.xib */ = {
			isa = PBXVariantGroup;
			children = (
				D2500F5A1ADD4DEB00E6E984 /* Base */,
			);
			name = LaunchScreen.xib;
			sourceTree = "<group>";
		};
/* End PBXVariantGroup section */

/* Begin XCBuildConfiguration section */
		D2500F411ADD4D9C00E6E984 /* Debug */ = {
			isa = XCBuildConfiguration;
			buildSettings = {
			};
			name = Debug;
		};
		D2500F421ADD4D9C00E6E984 /* Release */ = {
			isa = XCBuildConfiguration;
			buildSettings = {
			};
			name = Release;
		};
		D2500F691ADD4DEB00E6E984 /* Debug */ = {
			isa = XCBuildConfiguration;
			buildSettings = {
				ALWAYS_SEARCH_USER_PATHS = NO;
				ASSETCATALOG_COMPILER_APPICON_NAME = AppIcon;
				CLANG_CXX_LANGUAGE_STANDARD = "gnu++0x";
				CLANG_CXX_LIBRARY = "libc++";
				CLANG_ENABLE_MODULES = YES;
				CLANG_ENABLE_OBJC_ARC = YES;
				CLANG_WARN_BOOL_CONVERSION = YES;
				CLANG_WARN_CONSTANT_CONVERSION = YES;
				CLANG_WARN_DIRECT_OBJC_ISA_USAGE = YES_ERROR;
				CLANG_WARN_EMPTY_BODY = YES;
				CLANG_WARN_ENUM_CONVERSION = YES;
				CLANG_WARN_INT_CONVERSION = YES;
				CLANG_WARN_OBJC_ROOT_CLASS = YES_ERROR;
				CLANG_WARN_UNREACHABLE_CODE = YES;
				CLANG_WARN__DUPLICATE_METHOD_MATCH = YES;
				"CODE_SIGN_IDENTITY[sdk=iphoneos*]" = "iPhone Developer";
				COPY_PHASE_STRIP = NO;
				ENABLE_STRICT_OBJC_MSGSEND = YES;
				GCC_C_LANGUAGE_STANDARD = gnu99;
				GCC_DYNAMIC_NO_PIC = NO;
				GCC_OPTIMIZATION_LEVEL = 0;
				GCC_PREPROCESSOR_DEFINITIONS = (
					"DEBUG=1",
					"$(inherited)",
				);
				GCC_SYMBOLS_PRIVATE_EXTERN = NO;
				GCC_WARN_64_TO_32_BIT_CONVERSION = YES;
				GCC_WARN_ABOUT_RETURN_TYPE = YES_ERROR;
				GCC_WARN_UNDECLARED_SELECTOR = YES;
				GCC_WARN_UNINITIALIZED_AUTOS = YES_AGGRESSIVE;
				GCC_WARN_UNUSED_FUNCTION = YES;
				GCC_WARN_UNUSED_VARIABLE = YES;
				INFOPLIST_FILE = CTTool/Info.plist;
				IPHONEOS_DEPLOYMENT_TARGET = 7.0;
				LD_RUNPATH_SEARCH_PATHS = "$(inherited) @executable_path/Frameworks";
				LIBRARY_SEARCH_PATHS = (
					"$(inherited)",
					"$(SDKROOT)/usr/lib/system",
				);
				MTL_ENABLE_DEBUG_INFO = YES;
				ONLY_ACTIVE_ARCH = YES;
				PRODUCT_NAME = "$(TARGET_NAME)";
				SDKROOT = iphoneos;
			};
			name = Debug;
		};
		D2500F6A1ADD4DEB00E6E984 /* Release */ = {
			isa = XCBuildConfiguration;
			buildSettings = {
				ALWAYS_SEARCH_USER_PATHS = NO;
				ASSETCATALOG_COMPILER_APPICON_NAME = AppIcon;
				CLANG_CXX_LANGUAGE_STANDARD = "gnu++0x";
				CLANG_CXX_LIBRARY = "libc++";
				CLANG_ENABLE_MODULES = YES;
				CLANG_ENABLE_OBJC_ARC = YES;
				CLANG_WARN_BOOL_CONVERSION = YES;
				CLANG_WARN_CONSTANT_CONVERSION = YES;
				CLANG_WARN_DIRECT_OBJC_ISA_USAGE = YES_ERROR;
				CLANG_WARN_EMPTY_BODY = YES;
				CLANG_WARN_ENUM_CONVERSION = YES;
				CLANG_WARN_INT_CONVERSION = YES;
				CLANG_WARN_OBJC_ROOT_CLASS = YES_ERROR;
				CLANG_WARN_UNREACHABLE_CODE = YES;
				CLANG_WARN__DUPLICATE_METHOD_MATCH = YES;
				"CODE_SIGN_IDENTITY[sdk=iphoneos*]" = "iPhone Developer";
				COPY_PHASE_STRIP = NO;
				ENABLE_NS_ASSERTIONS = NO;
				ENABLE_STRICT_OBJC_MSGSEND = YES;
				GCC_C_LANGUAGE_STANDARD = gnu99;
				GCC_WARN_64_TO_32_BIT_CONVERSION = YES;
				GCC_WARN_ABOUT_RETURN_TYPE = YES_ERROR;
				GCC_WARN_UNDECLARED_SELECTOR = YES;
				GCC_WARN_UNINITIALIZED_AUTOS = YES_AGGRESSIVE;
				GCC_WARN_UNUSED_FUNCTION = YES;
				GCC_WARN_UNUSED_VARIABLE = YES;
				INFOPLIST_FILE = CTTool/Info.plist;
				IPHONEOS_DEPLOYMENT_TARGET = 7.0;
				LD_RUNPATH_SEARCH_PATHS = "$(inherited) @executable_path/Frameworks";
				LIBRARY_SEARCH_PATHS = (
					"$(inherited)",
					"$(SDKROOT)/usr/lib/system",
				);
				MTL_ENABLE_DEBUG_INFO = NO;
				PRODUCT_NAME = "$(TARGET_NAME)";
				SDKROOT = iphoneos;
				VALIDATE_PRODUCT = YES;
			};
			name = Release;
		};
/* End XCBuildConfiguration section */

/* Begin XCConfigurationList section */
		D2500F401ADD4D9C00E6E984 /* Build configuration list for PBXProject "CTTool" */ = {
			isa = XCConfigurationList;
			buildConfigurations = (
				D2500F411ADD4D9C00E6E984 /* Debug */,
				D2500F421ADD4D9C00E6E984 /* Release */,
			);
			defaultConfigurationIsVisible = 0;
			defaultConfigurationName = Release;
		};
		D2500F681ADD4DEB00E6E984 /* Build configuration list for PBXNativeTarget "CTTool" */ = {
			isa = XCConfigurationList;
			buildConfigurations = (
				D2500F691ADD4DEB00E6E984 /* Debug */,
				D2500F6A1ADD4DEB00E6E984 /* Release */,
			);
			defaultConfigurationIsVisible = 0;
		};
/* End XCConfigurationList section */
	};
	rootObject = D2500F3D1ADD4D9C00E6E984 /* Project object */;
}
